
Microsoft Visual Studio Solution File, Format Version 12.00
# Visual Studio Version 17
VisualStudioVersion = 17.8.34322.80
MinimumVisualStudioVersion = 10.0.40219.1
Project("{FAE04EC0-301F-11D3-BF4B-00C04F79EFBC}") = "nhmatsumoto.repository.pattern", "nhmatsumoto.repository.pattern.csproj", "{3CCF97DA-C528-46EE-9ADD-600D56897AB0}"
EndProject
Global
	GlobalSection(SolutionConfigurationPlatforms) = preSolution
		Debug|Any CPU = Debug|Any CPU
		Release|Any CPU = Release|Any CPU
	EndGlobalSection
	GlobalSection(ProjectConfigurationPlatforms) = postSolution
		{3CCF97DA-C528-46EE-9ADD-600D56897AB0}.Debug|Any CPU.ActiveCfg = Debug|Any CPU
		{3CCF97DA-C528-46EE-9ADD-600D56897AB0}.Debug|Any CPU.Build.0 = Debug|Any CPU
		{3CCF97DA-C528-46EE-9ADD-600D56897AB0}.Release|Any CPU.ActiveCfg = Release|Any CPU
		{3CCF97DA-C528-46EE-9ADD-600D56897AB0}.Release|Any CPU.Build.0 = Release|Any CPU
	EndGlobalSection
	GlobalSection(SolutionProperties) = preSolution
		HideSolutionNode = FALSE
	EndGlobalSection
	GlobalSection(ExtensibilityGlobals) = postSolution
		SolutionGuid = {165235D3-A3F1-4028-B1D1-77D3AE3FBD76}
	EndGlobalSection
EndGlobal
